
Microsoft Visual Studio Solution File, Format Version 12.00
# Visual Studio Version 17
VisualStudioVersion = 17.6.33829.357
MinimumVisualStudioVersion = 10.0.40219.1
Project("{9A19103F-16F7-4668-BE54-9A1E7A4F7556}") = "Fina.Api", "Fina.Api\Fina.Api.csproj", "{E245CD79-E742-43E5-BD4D-03FF09DCDC39}"
EndProject
Project("{9A19103F-16F7-4668-BE54-9A1E7A4F7556}") = "Fina.Web", "Fina.Web\Fina.Web.csproj", "{61B7046F-BC0B-4CA2-9E53-66DCA66AE465}"
EndProject
Project("{9A19103F-16F7-4668-BE54-9A1E7A4F7556}") = "Fina.Core", "Fina.Core\Fina.Core.csproj", "{B6B534D8-89DD-4221-B442-6671EB4816D8}"
EndProject
Global
	GlobalSection(SolutionConfigurationPlatforms) = preSolution
		Debug|Any CPU = Debug|Any CPU
		Release|Any CPU = Release|Any CPU
	EndGlobalSection
	GlobalSection(ProjectConfigurationPlatforms) = postSolution
		{E245CD79-E742-43E5-BD4D-03FF09DCDC39}.Debug|Any CPU.ActiveCfg = Debug|Any CPU
		{E245CD79-E742-43E5-BD4D-03FF09DCDC39}.Debug|Any CPU.Build.0 = Debug|Any CPU
		{E245CD79-E742-43E5-BD4D-03FF09DCDC39}.Release|Any CPU.ActiveCfg = Release|Any CPU
		{E245CD79-E742-43E5-BD4D-03FF09DCDC39}.Release|Any CPU.Build.0 = Release|Any CPU
		{61B7046F-BC0B-4CA2-9E53-66DCA66AE465}.Debug|Any CPU.ActiveCfg = Debug|Any CPU
		{61B7046F-BC0B-4CA2-9E53-66DCA66AE465}.Debug|Any CPU.Build.0 = Debug|Any CPU
		{61B7046F-BC0B-4CA2-9E53-66DCA66AE465}.Release|Any CPU.ActiveCfg = Release|Any CPU
		{61B7046F-BC0B-4CA2-9E53-66DCA66AE465}.Release|Any CPU.Build.0 = Release|Any CPU
		{B6B534D8-89DD-4221-B442-6671EB4816D8}.Debug|Any CPU.ActiveCfg = Debug|Any CPU
		{B6B534D8-89DD-4221-B442-6671EB4816D8}.Debug|Any CPU.Build.0 = Debug|Any CPU
		{B6B534D8-89DD-4221-B442-6671EB4816D8}.Release|Any CPU.ActiveCfg = Release|Any CPU
		{B6B534D8-89DD-4221-B442-6671EB4816D8}.Release|Any CPU.Build.0 = Release|Any CPU
	EndGlobalSection
	GlobalSection(SolutionProperties) = preSolution
		HideSolutionNode = FALSE
	EndGlobalSection
	GlobalSection(ExtensibilityGlobals) = postSolution
		SolutionGuid = {74A81433-1ADD-4A41-9EFA-DD2DB9A40875}
	EndGlobalSection
EndGlobal
